
Microsoft Visual Studio Solution File, Format Version 12.00
# Visual Studio Version 16
VisualStudioVersion = 16.0.32126.315
MinimumVisualStudioVersion = 10.0.40219.1
Project("{FAE04EC0-301F-11D3-BF4B-00C04F79EFBC}") = "cachePractice", "cachePractice\cachePractice.csproj", "{CEB8AE6F-DCC3-4D30-997A-7B5EE819C3EE}"
EndProject
Global
	GlobalSection(SolutionConfigurationPlatforms) = preSolution
		Debug|Any CPU = Debug|Any CPU
		Release|Any CPU = Release|Any CPU
	EndGlobalSection
	GlobalSection(ProjectConfigurationPlatforms) = postSolution
		{CEB8AE6F-DCC3-4D30-997A-7B5EE819C3EE}.Debug|Any CPU.ActiveCfg = Debug|Any CPU
		{CEB8AE6F-DCC3-4D30-997A-7B5EE819C3EE}.Debug|Any CPU.Build.0 = Debug|Any CPU
		{CEB8AE6F-DCC3-4D30-997A-7B5EE819C3EE}.Release|Any CPU.ActiveCfg = Release|Any CPU
		{CEB8AE6F-DCC3-4D30-997A-7B5EE819C3EE}.Release|Any CPU.Build.0 = Release|Any CPU
	EndGlobalSection
	GlobalSection(SolutionProperties) = preSolution
		HideSolutionNode = FALSE
	EndGlobalSection
	GlobalSection(ExtensibilityGlobals) = postSolution
		SolutionGuid = {918B243B-E0A2-4EDF-A835-BA61BDA65C16}
	EndGlobalSection
EndGlobal
